# THIS IS AN AUTOGENERATED FILE. DO NOT EDIT THIS FILE DIRECTLY.
# yarn lockfile v1


vue-google-charts@^1.1.0:
  version "1.1.0"
  resolved "https://registry.yarnpkg.com/vue-google-charts/-/vue-google-charts-1.1.0.tgz#bcd1e113ff5c305f3d3df7e52c4c778b947dc953"
  integrity sha512-wGAgAynIIUKmP5eJUFlx69e8gjIDpyqHlVsvFyrnd2tGZk3a6FI83dRhdssxPyOc9y41+2QEfqUV9SsR+n6s5A==
